
Microsoft Visual Studio Solution File, Format Version 12.00
# Visual Studio 15
VisualStudioVersion = 15.0.28010.2046
MinimumVisualStudioVersion = 10.0.40219.1
Project("{9A19103F-16F7-4668-BE54-9A1E7A4F7556}") = "DependencyInversionPrincipleExample", "DependencyInversionPrincipleExample\DependencyInversionPrincipleExample.csproj", "{5C351509-EBEF-48D8-B25E-22429AA15075}"
EndProject
Project("{FAE04EC0-301F-11D3-BF4B-00C04F79EFBC}") = "SingleResponsibilityPrincipleExample", "SingleResponsibilityPrincipleExample\SingleResponsibilityPrincipleExample.csproj", "{FAF8F339-C301-46B8-973A-2A959C6AB5C0}"
EndProject
Project("{FAE04EC0-301F-11D3-BF4B-00C04F79EFBC}") = "OpenClosedPrincipleExample", "OpenClosedPrincipleExample\OpenClosedPrincipleExample.csproj", "{A209890A-A4F5-423A-BFC9-26208208FEA7}"
EndProject
Global
	GlobalSection(SolutionConfigurationPlatforms) = preSolution
		Debug|Any CPU = Debug|Any CPU
		Release|Any CPU = Release|Any CPU
	EndGlobalSection
	GlobalSection(ProjectConfigurationPlatforms) = postSolution
		{5C351509-EBEF-48D8-B25E-22429AA15075}.Debug|Any CPU.ActiveCfg = Debug|Any CPU
		{5C351509-EBEF-48D8-B25E-22429AA15075}.Debug|Any CPU.Build.0 = Debug|Any CPU
		{5C351509-EBEF-48D8-B25E-22429AA15075}.Release|Any CPU.ActiveCfg = Release|Any CPU
		{5C351509-EBEF-48D8-B25E-22429AA15075}.Release|Any CPU.Build.0 = Release|Any CPU
		{FAF8F339-C301-46B8-973A-2A959C6AB5C0}.Debug|Any CPU.ActiveCfg = Debug|Any CPU
		{FAF8F339-C301-46B8-973A-2A959C6AB5C0}.Debug|Any CPU.Build.0 = Debug|Any CPU
		{FAF8F339-C301-46B8-973A-2A959C6AB5C0}.Release|Any CPU.ActiveCfg = Release|Any CPU
		{FAF8F339-C301-46B8-973A-2A959C6AB5C0}.Release|Any CPU.Build.0 = Release|Any CPU
		{A209890A-A4F5-423A-BFC9-26208208FEA7}.Debug|Any CPU.ActiveCfg = Debug|Any CPU
		{A209890A-A4F5-423A-BFC9-26208208FEA7}.Debug|Any CPU.Build.0 = Debug|Any CPU
		{A209890A-A4F5-423A-BFC9-26208208FEA7}.Release|Any CPU.ActiveCfg = Release|Any CPU
		{A209890A-A4F5-423A-BFC9-26208208FEA7}.Release|Any CPU.Build.0 = Release|Any CPU
	EndGlobalSection
	GlobalSection(SolutionProperties) = preSolution
		HideSolutionNode = FALSE
	EndGlobalSection
	GlobalSection(ExtensibilityGlobals) = postSolution
		SolutionGuid = {4AF3CF9B-D4A4-4A20-B88E-6AD4321B5AFB}
	EndGlobalSection
EndGlobal
